
Microsoft Visual Studio Solution File, Format Version 12.00
# Visual Studio Version 17
VisualStudioVersion = 17.14.36203.30
MinimumVisualStudioVersion = 10.0.40219.1
Project("{FAE04EC0-301F-11D3-BF4B-00C04F79EFBC}") = "housebroker", "housebroker\housebroker.csproj", "{9C593ADD-29F5-4783-B20C-5A6FB9A295E6}"
EndProject
Project("{FAE04EC0-301F-11D3-BF4B-00C04F79EFBC}") = "domain", "domain\domain.csproj", "{961BBCA6-EA35-4881-ABCA-87E22B0ECBCA}"
EndProject
Project("{FAE04EC0-301F-11D3-BF4B-00C04F79EFBC}") = "application", "application\application.csproj", "{B51931D3-4D55-4313-8599-82C1C1A626DF}"
EndProject
Project("{FAE04EC0-301F-11D3-BF4B-00C04F79EFBC}") = "infrastructure", "infrastructure\infrastructure.csproj", "{21AD7FF2-BE12-4A04-8A3F-C9449B141ABB}"
EndProject
Project("{2150E333-8FDC-42A3-9474-1A3956D46DE8}") = "Test", "Test", "{02EA681E-C7D8-13C7-8484-4AC65E1B71E8}"
EndProject
Project("{FAE04EC0-301F-11D3-BF4B-00C04F79EFBC}") = "housebroker.test", "Test\housebroker.test\housebroker.test.csproj", "{67889984-71CC-485A-968B-F1D1F569C147}"
EndProject
Global
	GlobalSection(SolutionConfigurationPlatforms) = preSolution
		Debug|Any CPU = Debug|Any CPU
		Release|Any CPU = Release|Any CPU
	EndGlobalSection
	GlobalSection(ProjectConfigurationPlatforms) = postSolution
		{9C593ADD-29F5-4783-B20C-5A6FB9A295E6}.Debug|Any CPU.ActiveCfg = Debug|Any CPU
		{9C593ADD-29F5-4783-B20C-5A6FB9A295E6}.Debug|Any CPU.Build.0 = Debug|Any CPU
		{9C593ADD-29F5-4783-B20C-5A6FB9A295E6}.Release|Any CPU.ActiveCfg = Release|Any CPU
		{9C593ADD-29F5-4783-B20C-5A6FB9A295E6}.Release|Any CPU.Build.0 = Release|Any CPU
		{961BBCA6-EA35-4881-ABCA-87E22B0ECBCA}.Debug|Any CPU.ActiveCfg = Debug|Any CPU
		{961BBCA6-EA35-4881-ABCA-87E22B0ECBCA}.Debug|Any CPU.Build.0 = Debug|Any CPU
		{961BBCA6-EA35-4881-ABCA-87E22B0ECBCA}.Release|Any CPU.ActiveCfg = Release|Any CPU
		{961BBCA6-EA35-4881-ABCA-87E22B0ECBCA}.Release|Any CPU.Build.0 = Release|Any CPU
		{B51931D3-4D55-4313-8599-82C1C1A626DF}.Debug|Any CPU.ActiveCfg = Debug|Any CPU
		{B51931D3-4D55-4313-8599-82C1C1A626DF}.Debug|Any CPU.Build.0 = Debug|Any CPU
		{B51931D3-4D55-4313-8599-82C1C1A626DF}.Release|Any CPU.ActiveCfg = Release|Any CPU
		{B51931D3-4D55-4313-8599-82C1C1A626DF}.Release|Any CPU.Build.0 = Release|Any CPU
		{21AD7FF2-BE12-4A04-8A3F-C9449B141ABB}.Debug|Any CPU.ActiveCfg = Debug|Any CPU
		{21AD7FF2-BE12-4A04-8A3F-C9449B141ABB}.Debug|Any CPU.Build.0 = Debug|Any CPU
		{21AD7FF2-BE12-4A04-8A3F-C9449B141ABB}.Release|Any CPU.ActiveCfg = Release|Any CPU
		{21AD7FF2-BE12-4A04-8A3F-C9449B141ABB}.Release|Any CPU.Build.0 = Release|Any CPU
		{67889984-71CC-485A-968B-F1D1F569C147}.Debug|Any CPU.ActiveCfg = Debug|Any CPU
		{67889984-71CC-485A-968B-F1D1F569C147}.Debug|Any CPU.Build.0 = Debug|Any CPU
		{67889984-71CC-485A-968B-F1D1F569C147}.Release|Any CPU.ActiveCfg = Release|Any CPU
		{67889984-71CC-485A-968B-F1D1F569C147}.Release|Any CPU.Build.0 = Release|Any CPU
	EndGlobalSection
	GlobalSection(SolutionProperties) = preSolution
		HideSolutionNode = FALSE
	EndGlobalSection
	GlobalSection(NestedProjects) = preSolution
		{67889984-71CC-485A-968B-F1D1F569C147} = {02EA681E-C7D8-13C7-8484-4AC65E1B71E8}
	EndGlobalSection
	GlobalSection(ExtensibilityGlobals) = postSolution
		SolutionGuid = {42BB667C-DED3-447A-88AF-14D86992CA5F}
	EndGlobalSection
EndGlobal
